// !$*UTF8*$!
{
	archiveVersion = 1;
	classes = {
	};
	objectVersion = 55;
	objects = {

/* Begin PBXBuildFile section */
		0876974B85927E93B2C053A4 /* Pods_InstagramFirestore.framework in Frameworks */ = {isa = PBXBuildFile; fileRef = 3817C0F4775FD37F036B0884 /* Pods_InstagramFirestore.framework */; };
		9A78B28B2742E37F00D4ABE1 /* AppDelegate.swift in Sources */ = {isa = PBXBuildFile; fileRef = 9A78B28A2742E37F00D4ABE1 /* AppDelegate.swift */; };
		9A78B28D2742E37F00D4ABE1 /* SceneDelegate.swift in Sources */ = {isa = PBXBuildFile; fileRef = 9A78B28C2742E37F00D4ABE1 /* SceneDelegate.swift */; };
		9A78B28F2742E37F00D4ABE1 /* ViewController.swift in Sources */ = {isa = PBXBuildFile; fileRef = 9A78B28E2742E37F00D4ABE1 /* ViewController.swift */; };
		9A78B2922742E37F00D4ABE1 /* Main.storyboard in Resources */ = {isa = PBXBuildFile; fileRef = 9A78B2902742E37F00D4ABE1 /* Main.storyboard */; };
		9A78B2942742E38200D4ABE1 /* Assets.xcassets in Resources */ = {isa = PBXBuildFile; fileRef = 9A78B2932742E38200D4ABE1 /* Assets.xcassets */; };
		9A78B2972742E38200D4ABE1 /* LaunchScreen.storyboard in Resources */ = {isa = PBXBuildFile; fileRef = 9A78B2952742E38200D4ABE1 /* LaunchScreen.storyboard */; };
		9A78B2A62742E99200D4ABE1 /* MainTabController.swift in Sources */ = {isa = PBXBuildFile; fileRef = 9A78B2A52742E99200D4ABE1 /* MainTabController.swift */; };
		9A78B2A82742F7B200D4ABE1 /* FeedController.swift in Sources */ = {isa = PBXBuildFile; fileRef = 9A78B2A72742F7B200D4ABE1 /* FeedController.swift */; };
		9A78B2AA2742F7C000D4ABE1 /* SearchController.swift in Sources */ = {isa = PBXBuildFile; fileRef = 9A78B2A92742F7C000D4ABE1 /* SearchController.swift */; };
		9A78B2AC2742F7D300D4ABE1 /* ImageSelectorController.swift in Sources */ = {isa = PBXBuildFile; fileRef = 9A78B2AB2742F7D300D4ABE1 /* ImageSelectorController.swift */; };
		9A78B2AE2742F7DD00D4ABE1 /* NotificationsController.swift in Sources */ = {isa = PBXBuildFile; fileRef = 9A78B2AD2742F7DD00D4ABE1 /* NotificationsController.swift */; };
		9A78B2B02742F7E500D4ABE1 /* ProfileController.swift in Sources */ = {isa = PBXBuildFile; fileRef = 9A78B2AF2742F7E500D4ABE1 /* ProfileController.swift */; };
		9A78B2B22743920400D4ABE1 /* FeedCell.swift in Sources */ = {isa = PBXBuildFile; fileRef = 9A78B2B12743920300D4ABE1 /* FeedCell.swift */; };
		9A78B2B4274392A600D4ABE1 /* Extensions.swift in Sources */ = {isa = PBXBuildFile; fileRef = 9A78B2B3274392A600D4ABE1 /* Extensions.swift */; };
		9A78B2C02743BEE300D4ABE1 /* LoginController.swift in Sources */ = {isa = PBXBuildFile; fileRef = 9A78B2BF2743BEE200D4ABE1 /* LoginController.swift */; };
		9A78B2C22743BEF900D4ABE1 /* RegistrationController.swift in Sources */ = {isa = PBXBuildFile; fileRef = 9A78B2C12743BEF900D4ABE1 /* RegistrationController.swift */; };
		9A78B2C42743D00800D4ABE1 /* CustomTextField.swift in Sources */ = {isa = PBXBuildFile; fileRef = 9A78B2C32743D00700D4ABE1 /* CustomTextField.swift */; };
		9A78B2C62743EF4E00D4ABE1 /* LoginButton.swift in Sources */ = {isa = PBXBuildFile; fileRef = 9A78B2C52743EF4D00D4ABE1 /* LoginButton.swift */; };
		9A78B2C82743F65F00D4ABE1 /* AuthenticationViewModel.swift in Sources */ = {isa = PBXBuildFile; fileRef = 9A78B2C72743F65E00D4ABE1 /* AuthenticationViewModel.swift */; };
		9AA79C26275FD1A00039B885 /* GoogleService-Info.plist in Resources */ = {isa = PBXBuildFile; fileRef = 9AA79C25275FD1A00039B885 /* GoogleService-Info.plist */; };
		9AA79C28275FEE180039B885 /* ImageUploader.swift in Sources */ = {isa = PBXBuildFile; fileRef = 9AA79C27275FEE180039B885 /* ImageUploader.swift */; };
		9AA79C2A275FEE250039B885 /* AuthService.swift in Sources */ = {isa = PBXBuildFile; fileRef = 9AA79C29275FEE240039B885 /* AuthService.swift */; };
/* End PBXBuildFile section */

/* Begin PBXFileReference section */
		3817C0F4775FD37F036B0884 /* Pods_InstagramFirestore.framework */ = {isa = PBXFileReference; explicitFileType = wrapper.framework; includeInIndex = 0; path = Pods_InstagramFirestore.framework; sourceTree = BUILT_PRODUCTS_DIR; };
		5F07DE56D6E449979E2560FB /* Pods-InstagramFirestore.debug.xcconfig */ = {isa = PBXFileReference; includeInIndex = 1; lastKnownFileType = text.xcconfig; name = "Pods-InstagramFirestore.debug.xcconfig"; path = "Target Support Files/Pods-InstagramFirestore/Pods-InstagramFirestore.debug.xcconfig"; sourceTree = "<group>"; };
		9A78B2872742E37F00D4ABE1 /* InstagramFirestore.app */ = {isa = PBXFileReference; explicitFileType = wrapper.application; includeInIndex = 0; path = InstagramFirestore.app; sourceTree = BUILT_PRODUCTS_DIR; };
		9A78B28A2742E37F00D4ABE1 /* AppDelegate.swift */ = {isa = PBXFileReference; lastKnownFileType = sourcecode.swift; path = AppDelegate.swift; sourceTree = "<group>"; };
		9A78B28C2742E37F00D4ABE1 /* SceneDelegate.swift */ = {isa = PBXFileReference; lastKnownFileType = sourcecode.swift; path = SceneDelegate.swift; sourceTree = "<group>"; };
		9A78B28E2742E37F00D4ABE1 /* ViewController.swift */ = {isa = PBXFileReference; lastKnownFileType = sourcecode.swift; path = ViewController.swift; sourceTree = "<group>"; };
		9A78B2912742E37F00D4ABE1 /* Base */ = {isa = PBXFileReference; lastKnownFileType = file.storyboard; name = Base; path = Base.lproj/Main.storyboard; sourceTree = "<group>"; };
		9A78B2932742E38200D4ABE1 /* Assets.xcassets */ = {isa = PBXFileReference; lastKnownFileType = folder.assetcatalog; path = Assets.xcassets; sourceTree = "<group>"; };
		9A78B2962742E38200D4ABE1 /* Base */ = {isa = PBXFileReference; lastKnownFileType = file.storyboard; name = Base; path = Base.lproj/LaunchScreen.storyboard; sourceTree = "<group>"; };
		9A78B2982742E38200D4ABE1 /* Info.plist */ = {isa = PBXFileReference; lastKnownFileType = text.plist.xml; path = Info.plist; sourceTree = "<group>"; };
		9A78B2A52742E99200D4ABE1 /* MainTabController.swift */ = {isa = PBXFileReference; lastKnownFileType = sourcecode.swift; path = MainTabController.swift; sourceTree = "<group>"; };
		9A78B2A72742F7B200D4ABE1 /* FeedController.swift */ = {isa = PBXFileReference; lastKnownFileType = sourcecode.swift; path = FeedController.swift; sourceTree = "<group>"; };
		9A78B2A92742F7C000D4ABE1 /* SearchController.swift */ = {isa = PBXFileReference; lastKnownFileType = sourcecode.swift; path = SearchController.swift; sourceTree = "<group>"; };
		9A78B2AB2742F7D300D4ABE1 /* ImageSelectorController.swift */ = {isa = PBXFileReference; lastKnownFileType = sourcecode.swift; path = ImageSelectorController.swift; sourceTree = "<group>"; };
		9A78B2AD2742F7DD00D4ABE1 /* NotificationsController.swift */ = {isa = PBXFileReference; lastKnownFileType = sourcecode.swift; path = NotificationsController.swift; sourceTree = "<group>"; };
		9A78B2AF2742F7E500D4ABE1 /* ProfileController.swift */ = {isa = PBXFileReference; lastKnownFileType = sourcecode.swift; path = ProfileController.swift; sourceTree = "<group>"; };
		9A78B2B12743920300D4ABE1 /* FeedCell.swift */ = {isa = PBXFileReference; lastKnownFileType = sourcecode.swift; path = FeedCell.swift; sourceTree = "<group>"; };
		9A78B2B3274392A600D4ABE1 /* Extensions.swift */ = {isa = PBXFileReference; lastKnownFileType = sourcecode.swift; path = Extensions.swift; sourceTree = "<group>"; };
		9A78B2BF2743BEE200D4ABE1 /* LoginController.swift */ = {isa = PBXFileReference; lastKnownFileType = sourcecode.swift; path = LoginController.swift; sourceTree = "<group>"; };
		9A78B2C12743BEF900D4ABE1 /* RegistrationController.swift */ = {isa = PBXFileReference; lastKnownFileType = sourcecode.swift; path = RegistrationController.swift; sourceTree = "<group>"; };
		9A78B2C32743D00700D4ABE1 /* CustomTextField.swift */ = {isa = PBXFileReference; lastKnownFileType = sourcecode.swift; path = CustomTextField.swift; sourceTree = "<group>"; };
		9A78B2C52743EF4D00D4ABE1 /* LoginButton.swift */ = {isa = PBXFileReference; lastKnownFileType = sourcecode.swift; path = LoginButton.swift; sourceTree = "<group>"; };
		9A78B2C72743F65E00D4ABE1 /* AuthenticationViewModel.swift */ = {isa = PBXFileReference; lastKnownFileType = sourcecode.swift; path = AuthenticationViewModel.swift; sourceTree = "<group>"; };
		9AA79C25275FD1A00039B885 /* GoogleService-Info.plist */ = {isa = PBXFileReference; lastKnownFileType = text.plist; path = "GoogleService-Info.plist"; sourceTree = SOURCE_ROOT; };
		9AA79C27275FEE180039B885 /* ImageUploader.swift */ = {isa = PBXFileReference; lastKnownFileType = sourcecode.swift; path = ImageUploader.swift; sourceTree = "<group>"; };
		9AA79C29275FEE240039B885 /* AuthService.swift */ = {isa = PBXFileReference; lastKnownFileType = sourcecode.swift; path = AuthService.swift; sourceTree = "<group>"; };
		AA8C1FFDA6C76F0C55BCE045 /* Pods-InstagramFirestore.release.xcconfig */ = {isa = PBXFileReference; includeInIndex = 1; lastKnownFileType = text.xcconfig; name = "Pods-InstagramFirestore.release.xcconfig"; path = "Target Support Files/Pods-InstagramFirestore/Pods-InstagramFirestore.release.xcconfig"; sourceTree = "<group>"; };
/* End PBXFileReference section */

/* Begin PBXFrameworksBuildPhase section */
		9A78B2842742E37F00D4ABE1 /* Frameworks */ = {
			isa = PBXFrameworksBuildPhase;
			buildActionMask = 2147483647;
			files = (
				0876974B85927E93B2C053A4 /* Pods_InstagramFirestore.framework in Frameworks */,
			);
			runOnlyForDeploymentPostprocessing = 0;
		};
/* End PBXFrameworksBuildPhase section */

/* Begin PBXGroup section */
		4EB335E32D54D780417F8A49 /* Pods */ = {
			isa = PBXGroup;
			children = (
				5F07DE56D6E449979E2560FB /* Pods-InstagramFirestore.debug.xcconfig */,
				AA8C1FFDA6C76F0C55BCE045 /* Pods-InstagramFirestore.release.xcconfig */,
			);
			path = Pods;
			sourceTree = "<group>";
		};
		8D8228D3434DFB26F8729EE1 /* Frameworks */ = {
			isa = PBXGroup;
			children = (
				3817C0F4775FD37F036B0884 /* Pods_InstagramFirestore.framework */,
			);
			name = Frameworks;
			sourceTree = "<group>";
		};
		9A78B27E2742E37F00D4ABE1 = {
			isa = PBXGroup;
			children = (
				9A78B2892742E37F00D4ABE1 /* InstagramFirestore */,
				9A78B2882742E37F00D4ABE1 /* Products */,
				4EB335E32D54D780417F8A49 /* Pods */,
				8D8228D3434DFB26F8729EE1 /* Frameworks */,
			);
			sourceTree = "<group>";
		};
		9A78B2882742E37F00D4ABE1 /* Products */ = {
			isa = PBXGroup;
			children = (
				9A78B2872742E37F00D4ABE1 /* InstagramFirestore.app */,
			);
			name = Products;
			sourceTree = "<group>";
		};
		9A78B2892742E37F00D4ABE1 /* InstagramFirestore */ = {
			isa = PBXGroup;
			children = (
				9A78B2A42742E3CA00D4ABE1 /* Model */,
				9A78B2A32742E3C800D4ABE1 /* View */,
				9A78B2A22742E3C700D4ABE1 /* ViewModel */,
				9A78B2A12742E3C500D4ABE1 /* Controller */,
				9A78B2A02742E3C300D4ABE1 /* API */,
				9A78B29E2742E3BC00D4ABE1 /* Utils */,
				9A78B28A2742E37F00D4ABE1 /* AppDelegate.swift */,
				9A78B28C2742E37F00D4ABE1 /* SceneDelegate.swift */,
				9A78B28E2742E37F00D4ABE1 /* ViewController.swift */,
				9A78B2902742E37F00D4ABE1 /* Main.storyboard */,
				9A78B2932742E38200D4ABE1 /* Assets.xcassets */,
				9A78B2952742E38200D4ABE1 /* LaunchScreen.storyboard */,
				9A78B2982742E38200D4ABE1 /* Info.plist */,
				9AA79C25275FD1A00039B885 /* GoogleService-Info.plist */,
			);
			path = InstagramFirestore;
			sourceTree = "<group>";
		};
		9A78B29E2742E3BC00D4ABE1 /* Utils */ = {
			isa = PBXGroup;
			children = (
				9A78B2B3274392A600D4ABE1 /* Extensions.swift */,
			);
			path = Utils;
			sourceTree = "<group>";
		};
		9A78B2A02742E3C300D4ABE1 /* API */ = {
			isa = PBXGroup;
			children = (
				9AA79C27275FEE180039B885 /* ImageUploader.swift */,
				9AA79C29275FEE240039B885 /* AuthService.swift */,
			);
			path = API;
			sourceTree = "<group>";
		};
		9A78B2A12742E3C500D4ABE1 /* Controller */ = {
			isa = PBXGroup;
			children = (
				9A78B2BE2743BECF00D4ABE1 /* Authentication */,
				9A78B2A52742E99200D4ABE1 /* MainTabController.swift */,
				9A78B2A72742F7B200D4ABE1 /* FeedController.swift */,
				9A78B2A92742F7C000D4ABE1 /* SearchController.swift */,
				9A78B2AB2742F7D300D4ABE1 /* ImageSelectorController.swift */,
				9A78B2AD2742F7DD00D4ABE1 /* NotificationsController.swift */,
				9A78B2AF2742F7E500D4ABE1 /* ProfileController.swift */,
			);
			path = Controller;
			sourceTree = "<group>";
		};
		9A78B2A22742E3C700D4ABE1 /* ViewModel */ = {
			isa = PBXGroup;
			children = (
				9A78B2C72743F65E00D4ABE1 /* AuthenticationViewModel.swift */,
			);
			path = ViewModel;
			sourceTree = "<group>";
		};
		9A78B2A32742E3C800D4ABE1 /* View */ = {
			isa = PBXGroup;
			children = (
				9A78B2B12743920300D4ABE1 /* FeedCell.swift */,
				9A78B2C32743D00700D4ABE1 /* CustomTextField.swift */,
				9A78B2C52743EF4D00D4ABE1 /* LoginButton.swift */,
			);
			path = View;
			sourceTree = "<group>";
		};
		9A78B2A42742E3CA00D4ABE1 /* Model */ = {
			isa = PBXGroup;
			children = (
			);
			path = Model;
			sourceTree = "<group>";
		};
		9A78B2BE2743BECF00D4ABE1 /* Authentication */ = {
			isa = PBXGroup;
			children = (
				9A78B2BF2743BEE200D4ABE1 /* LoginController.swift */,
				9A78B2C12743BEF900D4ABE1 /* RegistrationController.swift */,
			);
			path = Authentication;
			sourceTree = "<group>";
		};
/* End PBXGroup section */

/* Begin PBXNativeTarget section */
		9A78B2862742E37F00D4ABE1 /* InstagramFirestore */ = {
			isa = PBXNativeTarget;
			buildConfigurationList = 9A78B29B2742E38200D4ABE1 /* Build configuration list for PBXNativeTarget "InstagramFirestore" */;
			buildPhases = (
				FBCDCCE8EB3778812A2036D5 /* [CP] Check Pods Manifest.lock */,
				9A78B2832742E37F00D4ABE1 /* Sources */,
				9A78B2842742E37F00D4ABE1 /* Frameworks */,
				9A78B2852742E37F00D4ABE1 /* Resources */,
				9FE1B9984F17417BB155E2F7 /* [CP] Embed Pods Frameworks */,
			);
			buildRules = (
			);
			dependencies = (
			);
			name = InstagramFirestore;
			productName = InstagramFirestore;
			productReference = 9A78B2872742E37F00D4ABE1 /* InstagramFirestore.app */;
			productType = "com.apple.product-type.application";
		};
/* End PBXNativeTarget section */

/* Begin PBXProject section */
		9A78B27F2742E37F00D4ABE1 /* Project object */ = {
			isa = PBXProject;
			attributes = {
				BuildIndependentTargetsInParallel = 1;
				LastSwiftUpdateCheck = 1310;
				LastUpgradeCheck = 1310;
				TargetAttributes = {
					9A78B2862742E37F00D4ABE1 = {
						CreatedOnToolsVersion = 13.1;
					};
				};
			};
			buildConfigurationList = 9A78B2822742E37F00D4ABE1 /* Build configuration list for PBXProject "InstagramFirestore" */;
			compatibilityVersion = "Xcode 13.0";
			developmentRegion = en;
			hasScannedForEncodings = 0;
			knownRegions = (
				en,
				Base,
			);
			mainGroup = 9A78B27E2742E37F00D4ABE1;
			productRefGroup = 9A78B2882742E37F00D4ABE1 /* Products */;
			projectDirPath = "";
			projectRoot = "";
			targets = (
				9A78B2862742E37F00D4ABE1 /* InstagramFirestore */,
			);
		};
/* End PBXProject section */

/* Begin PBXResourcesBuildPhase section */
		9A78B2852742E37F00D4ABE1 /* Resources */ = {
			isa = PBXResourcesBuildPhase;
			buildActionMask = 2147483647;
			files = (
				9A78B2972742E38200D4ABE1 /* LaunchScreen.storyboard in Resources */,
				9AA79C26275FD1A00039B885 /* GoogleService-Info.plist in Resources */,
				9A78B2942742E38200D4ABE1 /* Assets.xcassets in Resources */,
				9A78B2922742E37F00D4ABE1 /* Main.storyboard in Resources */,
			);
			runOnlyForDeploymentPostprocessing = 0;
		};
/* End PBXResourcesBuildPhase section */

/* Begin PBXShellScriptBuildPhase section */
		9FE1B9984F17417BB155E2F7 /* [CP] Embed Pods Frameworks */ = {
			isa = PBXShellScriptBuildPhase;
			buildActionMask = 2147483647;
			files = (
			);
			inputFileListPaths = (
				"${PODS_ROOT}/Target Support Files/Pods-InstagramFirestore/Pods-InstagramFirestore-frameworks-${CONFIGURATION}-input-files.xcfilelist",
			);
			name = "[CP] Embed Pods Frameworks";
			outputFileListPaths = (
				"${PODS_ROOT}/Target Support Files/Pods-InstagramFirestore/Pods-InstagramFirestore-frameworks-${CONFIGURATION}-output-files.xcfilelist",
			);
			runOnlyForDeploymentPostprocessing = 0;
			shellPath = /bin/sh;
			shellScript = "\"${PODS_ROOT}/Target Support Files/Pods-InstagramFirestore/Pods-InstagramFirestore-frameworks.sh\"\n";
			showEnvVarsInLog = 0;
		};
		FBCDCCE8EB3778812A2036D5 /* [CP] Check Pods Manifest.lock */ = {
			isa = PBXShellScriptBuildPhase;
			buildActionMask = 2147483647;
			files = (
			);
			inputFileListPaths = (
			);
			inputPaths = (
				"${PODS_PODFILE_DIR_PATH}/Podfile.lock",
				"${PODS_ROOT}/Manifest.lock",
			);
			name = "[CP] Check Pods Manifest.lock";
			outputFileListPaths = (
			);
			outputPaths = (
				"$(DERIVED_FILE_DIR)/Pods-InstagramFirestore-checkManifestLockResult.txt",
			);
			runOnlyForDeploymentPostprocessing = 0;
			shellPath = /bin/sh;
			shellScript = "diff \"${PODS_PODFILE_DIR_PATH}/Podfile.lock\" \"${PODS_ROOT}/Manifest.lock\" > /dev/null\nif [ $? != 0 ] ; then\n    # print error to STDERR\n    echo \"error: The sandbox is not in sync with the Podfile.lock. Run 'pod install' or update your CocoaPods installation.\" >&2\n    exit 1\nfi\n# This output is used by Xcode 'outputs' to avoid re-running this script phase.\necho \"SUCCESS\" > \"${SCRIPT_OUTPUT_FILE_0}\"\n";
			showEnvVarsInLog = 0;
		};
/* End PBXShellScriptBuildPhase section */

/* Begin PBXSourcesBuildPhase section */
		9A78B2832742E37F00D4ABE1 /* Sources */ = {
			isa = PBXSourcesBuildPhase;
			buildActionMask = 2147483647;
			files = (
				9A78B2C42743D00800D4ABE1 /* CustomTextField.swift in Sources */,
				9A78B28F2742E37F00D4ABE1 /* ViewController.swift in Sources */,
				9AA79C28275FEE180039B885 /* ImageUploader.swift in Sources */,
				9AA79C2A275FEE250039B885 /* AuthService.swift in Sources */,
				9A78B2C02743BEE300D4ABE1 /* LoginController.swift in Sources */,
				9A78B2B22743920400D4ABE1 /* FeedCell.swift in Sources */,
				9A78B2C82743F65F00D4ABE1 /* AuthenticationViewModel.swift in Sources */,
				9A78B2AC2742F7D300D4ABE1 /* ImageSelectorController.swift in Sources */,
				9A78B2AA2742F7C000D4ABE1 /* SearchController.swift in Sources */,
				9A78B28B2742E37F00D4ABE1 /* AppDelegate.swift in Sources */,
				9A78B2A82742F7B200D4ABE1 /* FeedController.swift in Sources */,
				9A78B2B02742F7E500D4ABE1 /* ProfileController.swift in Sources */,
				9A78B2A62742E99200D4ABE1 /* MainTabController.swift in Sources */,
				9A78B2C62743EF4E00D4ABE1 /* LoginButton.swift in Sources */,
				9A78B2AE2742F7DD00D4ABE1 /* NotificationsController.swift in Sources */,
				9A78B2B4274392A600D4ABE1 /* Extensions.swift in Sources */,
				9A78B28D2742E37F00D4ABE1 /* SceneDelegate.swift in Sources */,
				9A78B2C22743BEF900D4ABE1 /* RegistrationController.swift in Sources */,
			);
			runOnlyForDeploymentPostprocessing = 0;
		};
/* End PBXSourcesBuildPhase section */

/* Begin PBXVariantGroup section */
		9A78B2902742E37F00D4ABE1 /* Main.storyboard */ = {
			isa = PBXVariantGroup;
			children = (
				9A78B2912742E37F00D4ABE1 /* Base */,
			);
			name = Main.storyboard;
			sourceTree = "<group>";
		};
		9A78B2952742E38200D4ABE1 /* LaunchScreen.storyboard */ = {
			isa = PBXVariantGroup;
			children = (
				9A78B2962742E38200D4ABE1 /* Base */,
			);
			name = LaunchScreen.storyboard;
			sourceTree = "<group>";
		};
/* End PBXVariantGroup section */

/* Begin XCBuildConfiguration section */
		9A78B2992742E38200D4ABE1 /* Debug */ = {
			isa = XCBuildConfiguration;
			buildSettings = {
				ALWAYS_SEARCH_USER_PATHS = NO;
				CLANG_ANALYZER_NONNULL = YES;
				CLANG_ANALYZER_NUMBER_OBJECT_CONVERSION = YES_AGGRESSIVE;
				CLANG_CXX_LANGUAGE_STANDARD = "gnu++17";
				CLANG_CXX_LIBRARY = "libc++";
				CLANG_ENABLE_MODULES = YES;
				CLANG_ENABLE_OBJC_ARC = YES;
				CLANG_ENABLE_OBJC_WEAK = YES;
				CLANG_WARN_BLOCK_CAPTURE_AUTORELEASING = YES;
				CLANG_WARN_BOOL_CONVERSION = YES;
				CLANG_WARN_COMMA = YES;
				CLANG_WARN_CONSTANT_CONVERSION = YES;
				CLANG_WARN_DEPRECATED_OBJC_IMPLEMENTATIONS = YES;
				CLANG_WARN_DIRECT_OBJC_ISA_USAGE = YES_ERROR;
				CLANG_WARN_DOCUMENTATION_COMMENTS = YES;
				CLANG_WARN_EMPTY_BODY = YES;
				CLANG_WARN_ENUM_CONVERSION = YES;
				CLANG_WARN_INFINITE_RECURSION = YES;
				CLANG_WARN_INT_CONVERSION = YES;
				CLANG_WARN_NON_LITERAL_NULL_CONVERSION = YES;
				CLANG_WARN_OBJC_IMPLICIT_RETAIN_SELF = YES;
				CLANG_WARN_OBJC_LITERAL_CONVERSION = YES;
				CLANG_WARN_OBJC_ROOT_CLASS = YES_ERROR;
				CLANG_WARN_QUOTED_INCLUDE_IN_FRAMEWORK_HEADER = YES;
				CLANG_WARN_RANGE_LOOP_ANALYSIS = YES;
				CLANG_WARN_STRICT_PROTOTYPES = YES;
				CLANG_WARN_SUSPICIOUS_MOVE = YES;
				CLANG_WARN_UNGUARDED_AVAILABILITY = YES_AGGRESSIVE;
				CLANG_WARN_UNREACHABLE_CODE = YES;
				CLANG_WARN__DUPLICATE_METHOD_MATCH = YES;
				COPY_PHASE_STRIP = NO;
				DEBUG_INFORMATION_FORMAT = dwarf;
				ENABLE_STRICT_OBJC_MSGSEND = YES;
				ENABLE_TESTABILITY = YES;
				GCC_C_LANGUAGE_STANDARD = gnu11;
				GCC_DYNAMIC_NO_PIC = NO;
				GCC_NO_COMMON_BLOCKS = YES;
				GCC_OPTIMIZATION_LEVEL = 0;
				GCC_PREPROCESSOR_DEFINITIONS = (
					"DEBUG=1",
					"$(inherited)",
				);
				GCC_WARN_64_TO_32_BIT_CONVERSION = YES;
				GCC_WARN_ABOUT_RETURN_TYPE = YES_ERROR;
				GCC_WARN_UNDECLARED_SELECTOR = YES;
				GCC_WARN_UNINITIALIZED_AUTOS = YES_AGGRESSIVE;
				GCC_WARN_UNUSED_FUNCTION = YES;
				GCC_WARN_UNUSED_VARIABLE = YES;
				IPHONEOS_DEPLOYMENT_TARGET = 15.0;
				MTL_ENABLE_DEBUG_INFO = INCLUDE_SOURCE;
				MTL_FAST_MATH = YES;
				ONLY_ACTIVE_ARCH = YES;
				SDKROOT = iphoneos;
				SWIFT_ACTIVE_COMPILATION_CONDITIONS = DEBUG;
				SWIFT_OPTIMIZATION_LEVEL = "-Onone";
			};
			name = Debug;
		};
		9A78B29A2742E38200D4ABE1 /* Release */ = {
			isa = XCBuildConfiguration;
			buildSettings = {
				ALWAYS_SEARCH_USER_PATHS = NO;
				CLANG_ANALYZER_NONNULL = YES;
				CLANG_ANALYZER_NUMBER_OBJECT_CONVERSION = YES_AGGRESSIVE;
				CLANG_CXX_LANGUAGE_STANDARD = "gnu++17";
				CLANG_CXX_LIBRARY = "libc++";
				CLANG_ENABLE_MODULES = YES;
				CLANG_ENABLE_OBJC_ARC = YES;
				CLANG_ENABLE_OBJC_WEAK = YES;
				CLANG_WARN_BLOCK_CAPTURE_AUTORELEASING = YES;
				CLANG_WARN_BOOL_CONVERSION = YES;
				CLANG_WARN_COMMA = YES;
				CLANG_WARN_CONSTANT_CONVERSION = YES;
				CLANG_WARN_DEPRECATED_OBJC_IMPLEMENTATIONS = YES;
				CLANG_WARN_DIRECT_OBJC_ISA_USAGE = YES_ERROR;
				CLANG_WARN_DOCUMENTATION_COMMENTS = YES;
				CLANG_WARN_EMPTY_BODY = YES;
				CLANG_WARN_ENUM_CONVERSION = YES;
				CLANG_WARN_INFINITE_RECURSION = YES;
				CLANG_WARN_INT_CONVERSION = YES;
				CLANG_WARN_NON_LITERAL_NULL_CONVERSION = YES;
				CLANG_WARN_OBJC_IMPLICIT_RETAIN_SELF = YES;
				CLANG_WARN_OBJC_LITERAL_CONVERSION = YES;
				CLANG_WARN_OBJC_ROOT_CLASS = YES_ERROR;
				CLANG_WARN_QUOTED_INCLUDE_IN_FRAMEWORK_HEADER = YES;
				CLANG_WARN_RANGE_LOOP_ANALYSIS = YES;
				CLANG_WARN_STRICT_PROTOTYPES = YES;
				CLANG_WARN_SUSPICIOUS_MOVE = YES;
				CLANG_WARN_UNGUARDED_AVAILABILITY = YES_AGGRESSIVE;
				CLANG_WARN_UNREACHABLE_CODE = YES;
				CLANG_WARN__DUPLICATE_METHOD_MATCH = YES;
				COPY_PHASE_STRIP = NO;
				DEBUG_INFORMATION_FORMAT = "dwarf-with-dsym";
				ENABLE_NS_ASSERTIONS = NO;
				ENABLE_STRICT_OBJC_MSGSEND = YES;
				GCC_C_LANGUAGE_STANDARD = gnu11;
				GCC_NO_COMMON_BLOCKS = YES;
				GCC_WARN_64_TO_32_BIT_CONVERSION = YES;
				GCC_WARN_ABOUT_RETURN_TYPE = YES_ERROR;
				GCC_WARN_UNDECLARED_SELECTOR = YES;
				GCC_WARN_UNINITIALIZED_AUTOS = YES_AGGRESSIVE;
				GCC_WARN_UNUSED_FUNCTION = YES;
				GCC_WARN_UNUSED_VARIABLE = YES;
				IPHONEOS_DEPLOYMENT_TARGET = 15.0;
				MTL_ENABLE_DEBUG_INFO = NO;
				MTL_FAST_MATH = YES;
				SDKROOT = iphoneos;
				SWIFT_COMPILATION_MODE = wholemodule;
				SWIFT_OPTIMIZATION_LEVEL = "-O";
				VALIDATE_PRODUCT = YES;
			};
			name = Release;
		};
		9A78B29C2742E38200D4ABE1 /* Debug */ = {
			isa = XCBuildConfiguration;
			baseConfigurationReference = 5F07DE56D6E449979E2560FB /* Pods-InstagramFirestore.debug.xcconfig */;
			buildSettings = {
				ASSETCATALOG_COMPILER_APPICON_NAME = AppIcon;
				ASSETCATALOG_COMPILER_GLOBAL_ACCENT_COLOR_NAME = AccentColor;
				CODE_SIGN_STYLE = Automatic;
				CURRENT_PROJECT_VERSION = 1;
				DEVELOPMENT_TEAM = QU2XBTHQ37;
				GENERATE_INFOPLIST_FILE = YES;
				INFOPLIST_FILE = InstagramFirestore/Info.plist;
				INFOPLIST_KEY_UIApplicationSupportsIndirectInputEvents = YES;
				INFOPLIST_KEY_UILaunchStoryboardName = LaunchScreen;
				INFOPLIST_KEY_UIMainStoryboardFile = Main;
				INFOPLIST_KEY_UISupportedInterfaceOrientations_iPad = "UIInterfaceOrientationPortrait UIInterfaceOrientationPortraitUpsideDown UIInterfaceOrientationLandscapeLeft UIInterfaceOrientationLandscapeRight";
				INFOPLIST_KEY_UISupportedInterfaceOrientations_iPhone = "UIInterfaceOrientationPortrait UIInterfaceOrientationLandscapeLeft UIInterfaceOrientationLandscapeRight";
				LD_RUNPATH_SEARCH_PATHS = (
					"$(inherited)",
					"@executable_path/Frameworks",
				);
				MARKETING_VERSION = 1.0;
				PRODUCT_BUNDLE_IDENTIFIER = com.alexmosunov.InstagramFirestore;
				PRODUCT_NAME = "$(TARGET_NAME)";
				SWIFT_EMIT_LOC_STRINGS = YES;
				SWIFT_VERSION = 5.0;
				TARGETED_DEVICE_FAMILY = "1,2";
			};
			name = Debug;
		};
		9A78B29D2742E38200D4ABE1 /* Release */ = {
			isa = XCBuildConfiguration;
			baseConfigurationReference = AA8C1FFDA6C76F0C55BCE045 /* Pods-InstagramFirestore.release.xcconfig */;
			buildSettings = {
				ASSETCATALOG_COMPILER_APPICON_NAME = AppIcon;
				ASSETCATALOG_COMPILER_GLOBAL_ACCENT_COLOR_NAME = AccentColor;
				CODE_SIGN_STYLE = Automatic;
				CURRENT_PROJECT_VERSION = 1;
				DEVELOPMENT_TEAM = QU2XBTHQ37;
				GENERATE_INFOPLIST_FILE = YES;
				INFOPLIST_FILE = InstagramFirestore/Info.plist;
				INFOPLIST_KEY_UIApplicationSupportsIndirectInputEvents = YES;
				INFOPLIST_KEY_UILaunchStoryboardName = LaunchScreen;
				INFOPLIST_KEY_UIMainStoryboardFile = Main;
				INFOPLIST_KEY_UISupportedInterfaceOrientations_iPad = "UIInterfaceOrientationPortrait UIInterfaceOrientationPortraitUpsideDown UIInterfaceOrientationLandscapeLeft UIInterfaceOrientationLandscapeRight";
				INFOPLIST_KEY_UISupportedInterfaceOrientations_iPhone = "UIInterfaceOrientationPortrait UIInterfaceOrientationLandscapeLeft UIInterfaceOrientationLandscapeRight";
				LD_RUNPATH_SEARCH_PATHS = (
					"$(inherited)",
					"@executable_path/Frameworks",
				);
				MARKETING_VERSION = 1.0;
				PRODUCT_BUNDLE_IDENTIFIER = com.alexmosunov.InstagramFirestore;
				PRODUCT_NAME = "$(TARGET_NAME)";
				SWIFT_EMIT_LOC_STRINGS = YES;
				SWIFT_VERSION = 5.0;
				TARGETED_DEVICE_FAMILY = "1,2";
			};
			name = Release;
		};
/* End XCBuildConfiguration section */

/* Begin XCConfigurationList section */
		9A78B2822742E37F00D4ABE1 /* Build configuration list for PBXProject "InstagramFirestore" */ = {
			isa = XCConfigurationList;
			buildConfigurations = (
				9A78B2992742E38200D4ABE1 /* Debug */,
				9A78B29A2742E38200D4ABE1 /* Release */,
			);
			defaultConfigurationIsVisible = 0;
			defaultConfigurationName = Release;
		};
		9A78B29B2742E38200D4ABE1 /* Build configuration list for PBXNativeTarget "InstagramFirestore" */ = {
			isa = XCConfigurationList;
			buildConfigurations = (
				9A78B29C2742E38200D4ABE1 /* Debug */,
				9A78B29D2742E38200D4ABE1 /* Release */,
			);
			defaultConfigurationIsVisible = 0;
			defaultConfigurationName = Release;
		};
/* End XCConfigurationList section */
	};
	rootObject = 9A78B27F2742E37F00D4ABE1 /* Project object */;
}
